{
    "version": 3,
    "terraform_version": "0.7.3",
    "serial": 5,
    "lineage": "317b7812-b33a-495e-b08e-0021be934e90",
    "modules": [
        {
            "path": [
                "root"
            ],
            "outputs": {
                "endpoint": {
                    "sensitive": false,
                    "type": "string",
                    "value": "http://tus.transloadit.academy:80/"
                },
                "public_address": {
                    "sensitive": false,
                    "type": "string",
                    "value": "ec2-52-201-254-175.compute-1.amazonaws.com"
                },
                "public_addresses": {
                    "sensitive": false,
                    "type": "string",
                    "value": "ec2-52-201-254-175.compute-1.amazonaws.com"
                }
            },
            "resources": {
                "aws_instance.tusd": {
                    "type": "aws_instance",
                    "depends_on": [
                        "aws_key_pair.infra-tusd"
                    ],
                    "primary": {
                        "id": "i-05b661e26171f3070",
                        "attributes": {
                            "ami": "ami-8fe79998",
                            "availability_zone": "us-east-1d",
                            "disable_api_termination": "false",
                            "ebs_block_device.#": "0",
                            "ebs_optimized": "false",
                            "ephemeral_block_device.#": "0",
                            "iam_instance_profile": "",
                            "id": "i-05b661e26171f3070",
                            "instance_state": "running",
                            "instance_type": "t2.micro",
                            "key_name": "infra-tusd",
                            "monitoring": "false",
                            "network_interface_id": "eni-46d66d40",
                            "private_dns": "ip-172-31-14-111.ec2.internal",
                            "private_ip": "172.31.14.111",
                            "public_dns": "ec2-52-201-254-175.compute-1.amazonaws.com",
                            "public_ip": "52.201.254.175",
                            "root_block_device.#": "1",
                            "root_block_device.0.delete_on_termination": "true",
                            "root_block_device.0.iops": "100",
                            "root_block_device.0.volume_size": "8",
                            "root_block_device.0.volume_type": "gp2",
                            "security_groups.#": "0",
                            "source_dest_check": "true",
                            "subnet_id": "subnet-1adf3953",
                            "tags.%": "1",
                            "tags.Name": "tus.transloadit.academy",
                            "tenancy": "default",
                            "vpc_security_group_ids.#": "1",
                            "vpc_security_group_ids.977706528": "sg-efcac894"
                        },
                        "meta": {
                            "schema_version": "1"
                        },
                        "tainted": false
                    },
                    "deposed": [],
                    "provider": ""
                },
                "aws_key_pair.infra-tusd": {
                    "type": "aws_key_pair",
                    "depends_on": [],
                    "primary": {
                        "id": "infra-tusd",
                        "attributes": {
                            "fingerprint": "c8:2d:93:d0:0a:71:c1:e2:c7:43:37:a9:e4:78:03:4c",
                            "id": "infra-tusd",
                            "key_name": "infra-tusd",
                            "public_key": "ssh-rsa AAAAB3NzaC1yc2EAAAADAQABAAABAQDb0fMw6fF2ct31UvChO/r17kXAn6AdPS0TLl4QZauvnEd1jyCekxCwJ3ApafapiQo/Z29zy3Uz0KQxvHvMNaYq6JY4qEyfQIlEhBRjrMlQKvNnQcFlX5ETSy6r8qPhYi2ly0GWB17Er5t2UMt2yKQrcPCWGNy0zOIjymdTdWaQlcjO/76XJr64790Y0+BfLyxPkZ0z39EM/9crLdpUq4SMAyup/mKG5daQbh/MpYEoXe6oyHVK/z1aESBO7EAKnoGauHXgzNYGTxqFnzjU/srmKUY/vR2GAqFqZYweZyNiAuhQ5jfkciGSSR2UeMXZ/y3XI8ATQQJJOnrY2OQ9WKKh kvz@tusd.freyproject.io"
                        },
                        "meta": {
                            "schema_version": "1"
                        },
                        "tainted": false
                    },
                    "deposed": [],
                    "provider": ""
                },
                "aws_route53_record.www": {
                    "type": "aws_route53_record",
                    "depends_on": [
                        "aws_instance.tusd"
                    ],
                    "primary": {
                        "id": "Z3V9RXR2M8085J_tus.transloadit.academy_CNAME",
                        "attributes": {
                            "fqdn": "tus.transloadit.academy",
                            "health_check_id": "",
                            "id": "Z3V9RXR2M8085J_tus.transloadit.academy_CNAME",
                            "name": "tus.transloadit.academy",
                            "records.#": "1",
                            "records.3180824470": "ec2-52-201-254-175.compute-1.amazonaws.com",
                            "set_identifier": "",
                            "ttl": "300",
                            "type": "CNAME",
                            "zone_id": "Z3V9RXR2M8085J"
                        },
                        "meta": {
                            "schema_version": "2"
                        },
                        "tainted": false
                    },
                    "deposed": [],
                    "provider": ""
                },
                "aws_security_group.fw-tusd": {
                    "type": "aws_security_group",
                    "depends_on": [],
                    "primary": {
                        "id": "sg-29386d53",
                        "attributes": {
                            "description": "Infra tusd",
                            "egress.#": "1",
                            "egress.482069346.cidr_blocks.#": "1",
                            "egress.482069346.cidr_blocks.0": "0.0.0.0/0",
                            "egress.482069346.from_port": "0",
                            "egress.482069346.prefix_list_ids.#": "0",
                            "egress.482069346.protocol": "-1",
                            "egress.482069346.security_groups.#": "0",
                            "egress.482069346.self": "false",
                            "egress.482069346.to_port": "0",
                            "id": "sg-29386d53",
                            "ingress.#": "3",
                            "ingress.2214680975.cidr_blocks.#": "1",
                            "ingress.2214680975.cidr_blocks.0": "0.0.0.0/0",
                            "ingress.2214680975.from_port": "80",
                            "ingress.2214680975.protocol": "tcp",
                            "ingress.2214680975.security_groups.#": "0",
                            "ingress.2214680975.self": "false",
                            "ingress.2214680975.to_port": "80",
                            "ingress.2541437006.cidr_blocks.#": "1",
                            "ingress.2541437006.cidr_blocks.0": "0.0.0.0/0",
                            "ingress.2541437006.from_port": "22",
                            "ingress.2541437006.protocol": "tcp",
                            "ingress.2541437006.security_groups.#": "0",
                            "ingress.2541437006.self": "false",
                            "ingress.2541437006.to_port": "22",
                            "ingress.516175195.cidr_blocks.#": "1",
                            "ingress.516175195.cidr_blocks.0": "0.0.0.0/0",
                            "ingress.516175195.from_port": "8080",
                            "ingress.516175195.protocol": "tcp",
                            "ingress.516175195.security_groups.#": "0",
                            "ingress.516175195.self": "false",
                            "ingress.516175195.to_port": "8080",
                            "name": "fw-tusd",
                            "owner_id": "618066538640",
                            "tags.%": "0",
                            "vpc_id": "vpc-cea030a9"
                        },
                        "meta": {},
                        "tainted": false
                    },
                    "deposed": [],
                    "provider": ""
                }
            },
            "depends_on": []
        }
    ]
}
